
Microsoft Visual Studio Solution File, Format Version 12.00
# Visual Studio Version 17
VisualStudioVersion = 17.3.32901.215
MinimumVisualStudioVersion = 10.0.40219.1
Project("{9092AA53-FB77-4645-B42D-1CCCA6BD08BD}") = "TourBooking.Vuejs", "VuejsApp3\TourBooking.Vuejs.njsproj", "{67CAFDDB-0789-4E0D-A051-152A72470970}"
EndProject
Global
	GlobalSection(SolutionConfigurationPlatforms) = preSolution
		Debug|Any CPU = Debug|Any CPU
		Release|Any CPU = Release|Any CPU
	EndGlobalSection
	GlobalSection(ProjectConfigurationPlatforms) = postSolution
		{67CAFDDB-0789-4E0D-A051-152A72470970}.Debug|Any CPU.ActiveCfg = Debug|Any CPU
		{67CAFDDB-0789-4E0D-A051-152A72470970}.Debug|Any CPU.Build.0 = Debug|Any CPU
		{67CAFDDB-0789-4E0D-A051-152A72470970}.Release|Any CPU.ActiveCfg = Release|Any CPU
		{67CAFDDB-0789-4E0D-A051-152A72470970}.Release|Any CPU.Build.0 = Release|Any CPU
	EndGlobalSection
	GlobalSection(SolutionProperties) = preSolution
		HideSolutionNode = FALSE
	EndGlobalSection
	GlobalSection(ExtensibilityGlobals) = postSolution
		SolutionGuid = {3704DD24-4A96-4187-9A2A-8AE76E96EBCF}
	EndGlobalSection
EndGlobal
